
Microsoft Visual Studio Solution File, Format Version 12.00
# Visual Studio Version 16
VisualStudioVersion = 16.0.29728.190
MinimumVisualStudioVersion = 10.0.40219.1
Project("{FAE04EC0-301F-11D3-BF4B-00C04F79EFBC}") = "DZ5", "DZ5\DZ5.csproj", "{33C6CD3F-E598-40EF-978F-E960240B311B}"
EndProject
Global
	GlobalSection(SolutionConfigurationPlatforms) = preSolution
		Debug|Any CPU = Debug|Any CPU
		Release|Any CPU = Release|Any CPU
	EndGlobalSection
	GlobalSection(ProjectConfigurationPlatforms) = postSolution
		{33C6CD3F-E598-40EF-978F-E960240B311B}.Debug|Any CPU.ActiveCfg = Debug|Any CPU
		{33C6CD3F-E598-40EF-978F-E960240B311B}.Debug|Any CPU.Build.0 = Debug|Any CPU
		{33C6CD3F-E598-40EF-978F-E960240B311B}.Release|Any CPU.ActiveCfg = Release|Any CPU
		{33C6CD3F-E598-40EF-978F-E960240B311B}.Release|Any CPU.Build.0 = Release|Any CPU
	EndGlobalSection
	GlobalSection(SolutionProperties) = preSolution
		HideSolutionNode = FALSE
	EndGlobalSection
	GlobalSection(ExtensibilityGlobals) = postSolution
		SolutionGuid = {46827ABF-810F-42C9-A808-C2C9E79C0552}
	EndGlobalSection
EndGlobal
